
Microsoft Visual Studio Solution File, Format Version 12.00
# Visual Studio 2013
VisualStudioVersion = 12.0.30501.0
MinimumVisualStudioVersion = 10.0.40219.1
Project("{8BC9CEB8-8B4A-11D0-8D11-00A0C91BC942}") = "Chapter24.7.2", "Chapter24.7.2\Chapter24.7.2.vcxproj", "{F182A5A1-D638-4C1A-8F7E-BC0E3E1A2F6B}"
EndProject
Global
	GlobalSection(SolutionConfigurationPlatforms) = preSolution
		Debug|Win32 = Debug|Win32
		Release|Win32 = Release|Win32
	EndGlobalSection
	GlobalSection(ProjectConfigurationPlatforms) = postSolution
		{F182A5A1-D638-4C1A-8F7E-BC0E3E1A2F6B}.Debug|Win32.ActiveCfg = Debug|Win32
		{F182A5A1-D638-4C1A-8F7E-BC0E3E1A2F6B}.Debug|Win32.Build.0 = Debug|Win32
		{F182A5A1-D638-4C1A-8F7E-BC0E3E1A2F6B}.Release|Win32.ActiveCfg = Release|Win32
		{F182A5A1-D638-4C1A-8F7E-BC0E3E1A2F6B}.Release|Win32.Build.0 = Release|Win32
	EndGlobalSection
	GlobalSection(SolutionProperties) = preSolution
		HideSolutionNode = FALSE
	EndGlobalSection
EndGlobal
