<?xml version="1.0" encoding="utf-8"?>
<Project ToolsVersion="4.0" xmlns="http://schemas.microsoft.com/developer/msbuild/2003">
  <ItemGroup>
    <Filter Include="源文件">
      <UniqueIdentifier>{4FC737F1-C7A5-4376-A066-2A32D752A2FF}</UniqueIdentifier>
      <Extensions>cpp;c;cc;cxx;def;odl;idl;hpj;bat;asm;asmx</Extensions>
    </Filter>
    <Filter Include="头文件">
      <UniqueIdentifier>{93995380-89BD-4b04-88EB-625FBE52EBFB}</UniqueIdentifier>
      <Extensions>h;hh;hpp;hxx;hm;inl;inc;xsd</Extensions>
    </Filter>
    <Filter Include="资源文件">
      <UniqueIdentifier>{67DA6AB6-F800-4c08-8B7A-83BB121AAD01}</UniqueIdentifier>
      <Extensions>rc;ico;cur;bmp;dlg;rc2;rct;bin;rgs;gif;jpg;jpeg;jpe;resx;tiff;tif;png;wav;mfcribbon-ms</Extensions>
    </Filter>
  </ItemGroup>
  <ItemGroup>
    <Text Include="ReadMe.txt" />
  </ItemGroup>
  <ItemGroup>
    <ClInclude Include="stdafx.h">
      <Filter>头文件</Filter>
    </ClInclude>
    <ClInclude Include="targetver.h">
      <Filter>头文件</Filter>
    </ClInclude>
    <ClInclude Include="Constants.h">
      <Filter>头文件</Filter>
    </ClInclude>
    <ClInclude Include="GeometricObject.h">
      <Filter>头文件</Filter>
    </ClInclude>
    <ClInclude Include="Jittered.h">
      <Filter>头文件</Filter>
    </ClInclude>
    <ClInclude Include="Maths.h">
      <Filter>头文件</Filter>
    </ClInclude>
    <ClInclude Include="Matrix.h">
      <Filter>头文件</Filter>
    </ClInclude>
    <ClInclude Include="MultiJittered.h">
      <Filter>头文件</Filter>
    </ClInclude>
    <ClInclude Include="MultipleObjects.h">
      <Filter>头文件</Filter>
    </ClInclude>
    <ClInclude Include="Normal.h">
      <Filter>头文件</Filter>
    </ClInclude>
    <ClInclude Include="Plane.h">
      <Filter>头文件</Filter>
    </ClInclude>
    <ClInclude Include="Point2D.h">
      <Filter>头文件</Filter>
    </ClInclude>
    <ClInclude Include="Point3D.h">
      <Filter>头文件</Filter>
    </ClInclude>
    <ClInclude Include="Ray.h">
      <Filter>头文件</Filter>
    </ClInclude>
    <ClInclude Include="Regular.h">
      <Filter>头文件</Filter>
    </ClInclude>
    <ClInclude Include="RGBColor.h">
      <Filter>头文件</Filter>
    </ClInclude>
    <ClInclude Include="Sampler.h">
      <Filter>头文件</Filter>
    </ClInclude>
    <ClInclude Include="ShadeRec.h">
      <Filter>头文件</Filter>
    </ClInclude>
    <ClInclude Include="SingleSphere.h">
      <Filter>头文件</Filter>
    </ClInclude>
    <ClInclude Include="Sphere.h">
      <Filter>头文件</Filter>
    </ClInclude>
    <ClInclude Include="Tracer.h">
      <Filter>头文件</Filter>
    </ClInclude>
    <ClInclude Include="Vector3D.h">
      <Filter>头文件</Filter>
    </ClInclude>
    <ClInclude Include="ViewPlane.h">
      <Filter>头文件</Filter>
    </ClInclude>
    <ClInclude Include="World.h">
      <Filter>头文件</Filter>
    </ClInclude>
    <ClInclude Include="Camera.h">
      <Filter>头文件</Filter>
    </ClInclude>
    <ClInclude Include="NRooks.h">
      <Filter>头文件</Filter>
    </ClInclude>
    <ClInclude Include="Pinhole.h">
      <Filter>头文件</Filter>
    </ClInclude>
  </ItemGroup>
  <ItemGroup>
    <ClCompile Include="stdafx.cpp">
      <Filter>源文件</Filter>
    </ClCompile>
    <ClCompile Include="Chapter9.5.cpp">
      <Filter>源文件</Filter>
    </ClCompile>
    <ClCompile Include="GeometricObject.cpp">
      <Filter>源文件</Filter>
    </ClCompile>
    <ClCompile Include="Jittered.cpp">
      <Filter>源文件</Filter>
    </ClCompile>
    <ClCompile Include="Maths.cpp">
      <Filter>源文件</Filter>
    </ClCompile>
    <ClCompile Include="Matrix.cpp">
      <Filter>源文件</Filter>
    </ClCompile>
    <ClCompile Include="MultiJittered.cpp">
      <Filter>源文件</Filter>
    </ClCompile>
    <ClCompile Include="MultipleObjects.cpp">
      <Filter>源文件</Filter>
    </ClCompile>
    <ClCompile Include="Normal.cpp">
      <Filter>源文件</Filter>
    </ClCompile>
    <ClCompile Include="Plane.cpp">
      <Filter>源文件</Filter>
    </ClCompile>
    <ClCompile Include="Point2D.cpp">
      <Filter>源文件</Filter>
    </ClCompile>
    <ClCompile Include="Point3D.cpp">
      <Filter>源文件</Filter>
    </ClCompile>
    <ClCompile Include="Ray.cpp">
      <Filter>源文件</Filter>
    </ClCompile>
    <ClCompile Include="Regular.cpp">
      <Filter>源文件</Filter>
    </ClCompile>
    <ClCompile Include="RGBColor.cpp">
      <Filter>源文件</Filter>
    </ClCompile>
    <ClCompile Include="Sampler.cpp">
      <Filter>源文件</Filter>
    </ClCompile>
    <ClCompile Include="ShadeRec.cpp">
      <Filter>源文件</Filter>
    </ClCompile>
    <ClCompile Include="SingleSphere.cpp">
      <Filter>源文件</Filter>
    </ClCompile>
    <ClCompile Include="Sphere.cpp">
      <Filter>源文件</Filter>
    </ClCompile>
    <ClCompile Include="Tracer.cpp">
      <Filter>源文件</Filter>
    </ClCompile>
    <ClCompile Include="Vector3D.cpp">
      <Filter>源文件</Filter>
    </ClCompile>
    <ClCompile Include="ViewPlane.cpp">
      <Filter>源文件</Filter>
    </ClCompile>
    <ClCompile Include="World.cpp">
      <Filter>源文件</Filter>
    </ClCompile>
    <ClCompile Include="Camera.cpp">
      <Filter>源文件</Filter>
    </ClCompile>
    <ClCompile Include="NRooks.cpp">
      <Filter>源文件</Filter>
    </ClCompile>
    <ClCompile Include="Pinhole.cpp">
      <Filter>源文件</Filter>
    </ClCompile>
  </ItemGroup>
</Project>